// !$*UTF8*$!
{
	archiveVersion = 1;
	classes = {
	};
	objectVersion = 50;
	objects = {

/* Begin PBXBuildFile section */
		A3023BA726BC691500A4820B /* URLSession.swift in Sources */ = {isa = PBXBuildFile; fileRef = A3023BA626BC691500A4820B /* URLSession.swift */; };
		A3023BA926BC73A500A4820B /* Settings.bundle in Resources */ = {isa = PBXBuildFile; fileRef = A3023BA826BC73A500A4820B /* Settings.bundle */; };
		A3023BAB26BC759500A4820B /* Settings.swift in Sources */ = {isa = PBXBuildFile; fileRef = A3023BAA26BC759500A4820B /* Settings.swift */; };
		A3F15FA925AE6090007770B1 /* AppDelegate.swift in Sources */ = {isa = PBXBuildFile; fileRef = A3F15FA825AE6090007770B1 /* AppDelegate.swift */; };
		A3F15FAB25AE6090007770B1 /* SceneDelegate.swift in Sources */ = {isa = PBXBuildFile; fileRef = A3F15FAA25AE6090007770B1 /* SceneDelegate.swift */; };
		A3F15FAD25AE6090007770B1 /* ViewController.swift in Sources */ = {isa = PBXBuildFile; fileRef = A3F15FAC25AE6090007770B1 /* ViewController.swift */; };
		A3F15FB025AE6090007770B1 /* Main.storyboard in Resources */ = {isa = PBXBuildFile; fileRef = A3F15FAE25AE6090007770B1 /* Main.storyboard */; };
		A3F15FB225AE6092007770B1 /* Assets.xcassets in Resources */ = {isa = PBXBuildFile; fileRef = A3F15FB125AE6092007770B1 /* Assets.xcassets */; };
		A3F15FB525AE6092007770B1 /* LaunchScreen.storyboard in Resources */ = {isa = PBXBuildFile; fileRef = A3F15FB325AE6092007770B1 /* LaunchScreen.storyboard */; };
		FC19CFE127D2F56400F0BDAC /* SimplePing.m in Sources */ = {isa = PBXBuildFile; fileRef = FC19CFDF27D2F56400F0BDAC /* SimplePing.m */; };
		FC19CFE327D2F5BB00F0BDAC /* TraceRoute.swift in Sources */ = {isa = PBXBuildFile; fileRef = FC19CFE227D2F5BB00F0BDAC /* TraceRoute.swift */; };
		FC19CFEA27D45DFE00F0BDAC /* Ping.swift in Sources */ = {isa = PBXBuildFile; fileRef = FC19CFE827D45DFE00F0BDAC /* Ping.swift */; };
		FC19CFEB27D45DFE00F0BDAC /* NetworkError.swift in Sources */ = {isa = PBXBuildFile; fileRef = FC19CFE927D45DFE00F0BDAC /* NetworkError.swift */; };
/* End PBXBuildFile section */

/* Begin PBXFileReference section */
		A3023BA626BC691500A4820B /* URLSession.swift */ = {isa = PBXFileReference; lastKnownFileType = sourcecode.swift; path = URLSession.swift; sourceTree = "<group>"; };
		A3023BA826BC73A500A4820B /* Settings.bundle */ = {isa = PBXFileReference; lastKnownFileType = "wrapper.plug-in"; path = Settings.bundle; sourceTree = "<group>"; };
		A3023BAA26BC759500A4820B /* Settings.swift */ = {isa = PBXFileReference; lastKnownFileType = sourcecode.swift; path = Settings.swift; sourceTree = "<group>"; };
		A3204DD725DC60550007E2DF /* Client.entitlements */ = {isa = PBXFileReference; lastKnownFileType = text.plist.entitlements; path = Client.entitlements; sourceTree = "<group>"; };
		A3F15FA525AE6090007770B1 /* Client.app */ = {isa = PBXFileReference; explicitFileType = wrapper.application; includeInIndex = 0; path = Client.app; sourceTree = BUILT_PRODUCTS_DIR; };
		A3F15FA825AE6090007770B1 /* AppDelegate.swift */ = {isa = PBXFileReference; lastKnownFileType = sourcecode.swift; path = AppDelegate.swift; sourceTree = "<group>"; };
		A3F15FAA25AE6090007770B1 /* SceneDelegate.swift */ = {isa = PBXFileReference; lastKnownFileType = sourcecode.swift; path = SceneDelegate.swift; sourceTree = "<group>"; };
		A3F15FAC25AE6090007770B1 /* ViewController.swift */ = {isa = PBXFileReference; lastKnownFileType = sourcecode.swift; path = ViewController.swift; sourceTree = "<group>"; };
		A3F15FAF25AE6090007770B1 /* Base */ = {isa = PBXFileReference; lastKnownFileType = file.storyboard; name = Base; path = Base.lproj/Main.storyboard; sourceTree = "<group>"; };
		A3F15FB125AE6092007770B1 /* Assets.xcassets */ = {isa = PBXFileReference; lastKnownFileType = folder.assetcatalog; path = Assets.xcassets; sourceTree = "<group>"; };
		A3F15FB425AE6092007770B1 /* Base */ = {isa = PBXFileReference; lastKnownFileType = file.storyboard; name = Base; path = Base.lproj/LaunchScreen.storyboard; sourceTree = "<group>"; };
		A3F15FB625AE6092007770B1 /* Info.plist */ = {isa = PBXFileReference; lastKnownFileType = text.plist.xml; path = Info.plist; sourceTree = "<group>"; };
		FC19CFDA27D2F56300F0BDAC /* Client-Bridging-Header.h */ = {isa = PBXFileReference; lastKnownFileType = sourcecode.c.h; path = "Client-Bridging-Header.h"; sourceTree = "<group>"; };
		FC19CFDE27D2F56400F0BDAC /* SimplePing.h */ = {isa = PBXFileReference; fileEncoding = 4; lastKnownFileType = sourcecode.c.h; path = SimplePing.h; sourceTree = "<group>"; };
		FC19CFDF27D2F56400F0BDAC /* SimplePing.m */ = {isa = PBXFileReference; fileEncoding = 4; lastKnownFileType = sourcecode.c.objc; path = SimplePing.m; sourceTree = "<group>"; };
		FC19CFE227D2F5BB00F0BDAC /* TraceRoute.swift */ = {isa = PBXFileReference; fileEncoding = 4; lastKnownFileType = sourcecode.swift; path = TraceRoute.swift; sourceTree = "<group>"; };
		FC19CFE827D45DFE00F0BDAC /* Ping.swift */ = {isa = PBXFileReference; fileEncoding = 4; lastKnownFileType = sourcecode.swift; path = Ping.swift; sourceTree = "<group>"; };
		FC19CFE927D45DFE00F0BDAC /* NetworkError.swift */ = {isa = PBXFileReference; fileEncoding = 4; lastKnownFileType = sourcecode.swift; path = NetworkError.swift; sourceTree = "<group>"; };
/* End PBXFileReference section */

/* Begin PBXFrameworksBuildPhase section */
		A3F15FA225AE6090007770B1 /* Frameworks */ = {
			isa = PBXFrameworksBuildPhase;
			buildActionMask = 2147483647;
			files = (
			);
			runOnlyForDeploymentPostprocessing = 0;
		};
/* End PBXFrameworksBuildPhase section */

/* Begin PBXGroup section */
		A3F15F9C25AE6090007770B1 = {
			isa = PBXGroup;
			children = (
				A3F15FA725AE6090007770B1 /* Client */,
				A3F15FA625AE6090007770B1 /* Products */,
			);
			sourceTree = "<group>";
		};
		A3F15FA625AE6090007770B1 /* Products */ = {
			isa = PBXGroup;
			children = (
				A3F15FA525AE6090007770B1 /* Client.app */,
			);
			name = Products;
			sourceTree = "<group>";
		};
		A3F15FA725AE6090007770B1 /* Client */ = {
			isa = PBXGroup;
			children = (
				FC19CFDD27D2F56400F0BDAC /* Network */,
				A3204DD725DC60550007E2DF /* Client.entitlements */,
				A3F15FAE25AE6090007770B1 /* Main.storyboard */,
				A3F15FB325AE6092007770B1 /* LaunchScreen.storyboard */,
				A3F15FA825AE6090007770B1 /* AppDelegate.swift */,
				A3023BAA26BC759500A4820B /* Settings.swift */,
				A3F15FAA25AE6090007770B1 /* SceneDelegate.swift */,
				A3F15FAC25AE6090007770B1 /* ViewController.swift */,
				A3023BA626BC691500A4820B /* URLSession.swift */,
				A3023BA826BC73A500A4820B /* Settings.bundle */,
				A3F15FB125AE6092007770B1 /* Assets.xcassets */,
				A3F15FB625AE6092007770B1 /* Info.plist */,
				FC19CFDA27D2F56300F0BDAC /* Client-Bridging-Header.h */,
			);
			path = Client;
			sourceTree = "<group>";
		};
		FC19CFDD27D2F56400F0BDAC /* Network */ = {
			isa = PBXGroup;
			children = (
				FC19CFDE27D2F56400F0BDAC /* SimplePing.h */,
				FC19CFDF27D2F56400F0BDAC /* SimplePing.m */,
				FC19CFE927D45DFE00F0BDAC /* NetworkError.swift */,
				FC19CFE827D45DFE00F0BDAC /* Ping.swift */,
				FC19CFE227D2F5BB00F0BDAC /* TraceRoute.swift */,
			);
			path = Network;
			sourceTree = "<group>";
		};
/* End PBXGroup section */

/* Begin PBXNativeTarget section */
		A3F15FA425AE6090007770B1 /* Client */ = {
			isa = PBXNativeTarget;
			buildConfigurationList = A3F15FB925AE6092007770B1 /* Build configuration list for PBXNativeTarget "Client" */;
			buildPhases = (
				A3F15FA125AE6090007770B1 /* Sources */,
				A3F15FA225AE6090007770B1 /* Frameworks */,
				A3F15FA325AE6090007770B1 /* Resources */,
			);
			buildRules = (
			);
			dependencies = (
			);
			name = Client;
			productName = Client;
			productReference = A3F15FA525AE6090007770B1 /* Client.app */;
			productType = "com.apple.product-type.application";
		};
/* End PBXNativeTarget section */

/* Begin PBXProject section */
		A3F15F9D25AE6090007770B1 /* Project object */ = {
			isa = PBXProject;
			attributes = {
				LastSwiftUpdateCheck = 1230;
				LastUpgradeCheck = 1230;
				TargetAttributes = {
					A3F15FA425AE6090007770B1 = {
						CreatedOnToolsVersion = 12.3;
						LastSwiftMigration = 1320;
					};
				};
			};
			buildConfigurationList = A3F15FA025AE6090007770B1 /* Build configuration list for PBXProject "Client" */;
			compatibilityVersion = "Xcode 9.3";
			developmentRegion = en;
			hasScannedForEncodings = 0;
			knownRegions = (
				en,
				Base,
			);
			mainGroup = A3F15F9C25AE6090007770B1;
			productRefGroup = A3F15FA625AE6090007770B1 /* Products */;
			projectDirPath = "";
			projectRoot = "";
			targets = (
				A3F15FA425AE6090007770B1 /* Client */,
			);
		};
/* End PBXProject section */

/* Begin PBXResourcesBuildPhase section */
		A3F15FA325AE6090007770B1 /* Resources */ = {
			isa = PBXResourcesBuildPhase;
			buildActionMask = 2147483647;
			files = (
				A3023BA926BC73A500A4820B /* Settings.bundle in Resources */,
				A3F15FB525AE6092007770B1 /* LaunchScreen.storyboard in Resources */,
				A3F15FB225AE6092007770B1 /* Assets.xcassets in Resources */,
				A3F15FB025AE6090007770B1 /* Main.storyboard in Resources */,
			);
			runOnlyForDeploymentPostprocessing = 0;
		};
/* End PBXResourcesBuildPhase section */

/* Begin PBXSourcesBuildPhase section */
		A3F15FA125AE6090007770B1 /* Sources */ = {
			isa = PBXSourcesBuildPhase;
			buildActionMask = 2147483647;
			files = (
				A3F15FAD25AE6090007770B1 /* ViewController.swift in Sources */,
				A3F15FA925AE6090007770B1 /* AppDelegate.swift in Sources */,
				A3023BA726BC691500A4820B /* URLSession.swift in Sources */,
				FC19CFEA27D45DFE00F0BDAC /* Ping.swift in Sources */,
				A3F15FAB25AE6090007770B1 /* SceneDelegate.swift in Sources */,
				FC19CFE327D2F5BB00F0BDAC /* TraceRoute.swift in Sources */,
				FC19CFEB27D45DFE00F0BDAC /* NetworkError.swift in Sources */,
				FC19CFE127D2F56400F0BDAC /* SimplePing.m in Sources */,
				A3023BAB26BC759500A4820B /* Settings.swift in Sources */,
			);
			runOnlyForDeploymentPostprocessing = 0;
		};
/* End PBXSourcesBuildPhase section */

/* Begin PBXVariantGroup section */
		A3F15FAE25AE6090007770B1 /* Main.storyboard */ = {
			isa = PBXVariantGroup;
			children = (
				A3F15FAF25AE6090007770B1 /* Base */,
			);
			name = Main.storyboard;
			sourceTree = "<group>";
		};
		A3F15FB325AE6092007770B1 /* LaunchScreen.storyboard */ = {
			isa = PBXVariantGroup;
			children = (
				A3F15FB425AE6092007770B1 /* Base */,
			);
			name = LaunchScreen.storyboard;
			sourceTree = "<group>";
		};
/* End PBXVariantGroup section */

/* Begin XCBuildConfiguration section */
		A3F15FB725AE6092007770B1 /* Debug */ = {
			isa = XCBuildConfiguration;
			buildSettings = {
				ALWAYS_SEARCH_USER_PATHS = NO;
				CLANG_ANALYZER_NONNULL = YES;
				CLANG_ANALYZER_NUMBER_OBJECT_CONVERSION = YES_AGGRESSIVE;
				CLANG_CXX_LANGUAGE_STANDARD = "gnu++14";
				CLANG_CXX_LIBRARY = "libc++";
				CLANG_ENABLE_MODULES = YES;
				CLANG_ENABLE_OBJC_ARC = YES;
				CLANG_ENABLE_OBJC_WEAK = YES;
				CLANG_WARN_BLOCK_CAPTURE_AUTORELEASING = YES;
				CLANG_WARN_BOOL_CONVERSION = YES;
				CLANG_WARN_COMMA = YES;
				CLANG_WARN_CONSTANT_CONVERSION = YES;
				CLANG_WARN_DEPRECATED_OBJC_IMPLEMENTATIONS = YES;
				CLANG_WARN_DIRECT_OBJC_ISA_USAGE = YES_ERROR;
				CLANG_WARN_DOCUMENTATION_COMMENTS = YES;
				CLANG_WARN_EMPTY_BODY = YES;
				CLANG_WARN_ENUM_CONVERSION = YES;
				CLANG_WARN_INFINITE_RECURSION = YES;
				CLANG_WARN_INT_CONVERSION = YES;
				CLANG_WARN_NON_LITERAL_NULL_CONVERSION = YES;
				CLANG_WARN_OBJC_IMPLICIT_RETAIN_SELF = YES;
				CLANG_WARN_OBJC_LITERAL_CONVERSION = YES;
				CLANG_WARN_OBJC_ROOT_CLASS = YES_ERROR;
				CLANG_WARN_QUOTED_INCLUDE_IN_FRAMEWORK_HEADER = YES;
				CLANG_WARN_RANGE_LOOP_ANALYSIS = YES;
				CLANG_WARN_STRICT_PROTOTYPES = YES;
				CLANG_WARN_SUSPICIOUS_MOVE = YES;
				CLANG_WARN_UNGUARDED_AVAILABILITY = YES_AGGRESSIVE;
				CLANG_WARN_UNREACHABLE_CODE = YES;
				CLANG_WARN__DUPLICATE_METHOD_MATCH = YES;
				COPY_PHASE_STRIP = NO;
				DEBUG_INFORMATION_FORMAT = dwarf;
				ENABLE_STRICT_OBJC_MSGSEND = YES;
				ENABLE_TESTABILITY = YES;
				GCC_C_LANGUAGE_STANDARD = gnu11;
				GCC_DYNAMIC_NO_PIC = NO;
				GCC_NO_COMMON_BLOCKS = YES;
				GCC_OPTIMIZATION_LEVEL = 0;
				GCC_PREPROCESSOR_DEFINITIONS = (
					"DEBUG=1",
					"$(inherited)",
				);
				GCC_WARN_64_TO_32_BIT_CONVERSION = YES;
				GCC_WARN_ABOUT_RETURN_TYPE = YES_ERROR;
				GCC_WARN_UNDECLARED_SELECTOR = YES;
				GCC_WARN_UNINITIALIZED_AUTOS = YES_AGGRESSIVE;
				GCC_WARN_UNUSED_FUNCTION = YES;
				GCC_WARN_UNUSED_VARIABLE = YES;
				IPHONEOS_DEPLOYMENT_TARGET = 14.3;
				MTL_ENABLE_DEBUG_INFO = INCLUDE_SOURCE;
				MTL_FAST_MATH = YES;
				ONLY_ACTIVE_ARCH = YES;
				SDKROOT = iphoneos;
				SWIFT_ACTIVE_COMPILATION_CONDITIONS = DEBUG;
				SWIFT_OPTIMIZATION_LEVEL = "-Onone";
			};
			name = Debug;
		};
		A3F15FB825AE6092007770B1 /* Release */ = {
			isa = XCBuildConfiguration;
			buildSettings = {
				ALWAYS_SEARCH_USER_PATHS = NO;
				CLANG_ANALYZER_NONNULL = YES;
				CLANG_ANALYZER_NUMBER_OBJECT_CONVERSION = YES_AGGRESSIVE;
				CLANG_CXX_LANGUAGE_STANDARD = "gnu++14";
				CLANG_CXX_LIBRARY = "libc++";
				CLANG_ENABLE_MODULES = YES;
				CLANG_ENABLE_OBJC_ARC = YES;
				CLANG_ENABLE_OBJC_WEAK = YES;
				CLANG_WARN_BLOCK_CAPTURE_AUTORELEASING = YES;
				CLANG_WARN_BOOL_CONVERSION = YES;
				CLANG_WARN_COMMA = YES;
				CLANG_WARN_CONSTANT_CONVERSION = YES;
				CLANG_WARN_DEPRECATED_OBJC_IMPLEMENTATIONS = YES;
				CLANG_WARN_DIRECT_OBJC_ISA_USAGE = YES_ERROR;
				CLANG_WARN_DOCUMENTATION_COMMENTS = YES;
				CLANG_WARN_EMPTY_BODY = YES;
				CLANG_WARN_ENUM_CONVERSION = YES;
				CLANG_WARN_INFINITE_RECURSION = YES;
				CLANG_WARN_INT_CONVERSION = YES;
				CLANG_WARN_NON_LITERAL_NULL_CONVERSION = YES;
				CLANG_WARN_OBJC_IMPLICIT_RETAIN_SELF = YES;
				CLANG_WARN_OBJC_LITERAL_CONVERSION = YES;
				CLANG_WARN_OBJC_ROOT_CLASS = YES_ERROR;
				CLANG_WARN_QUOTED_INCLUDE_IN_FRAMEWORK_HEADER = YES;
				CLANG_WARN_RANGE_LOOP_ANALYSIS = YES;
				CLANG_WARN_STRICT_PROTOTYPES = YES;
				CLANG_WARN_SUSPICIOUS_MOVE = YES;
				CLANG_WARN_UNGUARDED_AVAILABILITY = YES_AGGRESSIVE;
				CLANG_WARN_UNREACHABLE_CODE = YES;
				CLANG_WARN__DUPLICATE_METHOD_MATCH = YES;
				COPY_PHASE_STRIP = NO;
				DEBUG_INFORMATION_FORMAT = "dwarf-with-dsym";
				ENABLE_NS_ASSERTIONS = NO;
				ENABLE_STRICT_OBJC_MSGSEND = YES;
				GCC_C_LANGUAGE_STANDARD = gnu11;
				GCC_NO_COMMON_BLOCKS = YES;
				GCC_WARN_64_TO_32_BIT_CONVERSION = YES;
				GCC_WARN_ABOUT_RETURN_TYPE = YES_ERROR;
				GCC_WARN_UNDECLARED_SELECTOR = YES;
				GCC_WARN_UNINITIALIZED_AUTOS = YES_AGGRESSIVE;
				GCC_WARN_UNUSED_FUNCTION = YES;
				GCC_WARN_UNUSED_VARIABLE = YES;
				IPHONEOS_DEPLOYMENT_TARGET = 14.3;
				MTL_ENABLE_DEBUG_INFO = NO;
				MTL_FAST_MATH = YES;
				SDKROOT = iphoneos;
				SWIFT_COMPILATION_MODE = wholemodule;
				SWIFT_OPTIMIZATION_LEVEL = "-O";
				VALIDATE_PRODUCT = YES;
			};
			name = Release;
		};
		A3F15FBA25AE6092007770B1 /* Debug */ = {
			isa = XCBuildConfiguration;
			buildSettings = {
				ASSETCATALOG_COMPILER_APPICON_NAME = AppIcon;
				ASSETCATALOG_COMPILER_GLOBAL_ACCENT_COLOR_NAME = AccentColor;
				CLANG_ENABLE_MODULES = YES;
				CODE_SIGN_ENTITLEMENTS = Client/Client.entitlements;
				"CODE_SIGN_IDENTITY[sdk=macosx*]" = "Apple Development";
				CODE_SIGN_STYLE = Automatic;
				CURRENT_PROJECT_VERSION = 5;
				DEVELOPMENT_TEAM = N2Q372V7W2;
				INFOPLIST_FILE = Client/Info.plist;
				LD_RUNPATH_SEARCH_PATHS = (
					"$(inherited)",
					"@executable_path/Frameworks",
				);
				PRODUCT_BUNDLE_IDENTIFIER = "com.couchbase.edge-tester";
				PRODUCT_NAME = "$(TARGET_NAME)";
				SUPPORTS_MACCATALYST = YES;
				SWIFT_OBJC_BRIDGING_HEADER = "Client/Client-Bridging-Header.h";
				SWIFT_OPTIMIZATION_LEVEL = "-Onone";
				SWIFT_VERSION = 5.0;
				TARGETED_DEVICE_FAMILY = "1,2";
			};
			name = Debug;
		};
		A3F15FBB25AE6092007770B1 /* Release */ = {
			isa = XCBuildConfiguration;
			buildSettings = {
				ASSETCATALOG_COMPILER_APPICON_NAME = AppIcon;
				ASSETCATALOG_COMPILER_GLOBAL_ACCENT_COLOR_NAME = AccentColor;
				CLANG_ENABLE_MODULES = YES;
				CODE_SIGN_ENTITLEMENTS = Client/Client.entitlements;
				"CODE_SIGN_IDENTITY[sdk=macosx*]" = "Apple Development";
				CODE_SIGN_STYLE = Automatic;
				CURRENT_PROJECT_VERSION = 5;
				DEVELOPMENT_TEAM = N2Q372V7W2;
				INFOPLIST_FILE = Client/Info.plist;
				LD_RUNPATH_SEARCH_PATHS = (
					"$(inherited)",
					"@executable_path/Frameworks",
				);
				PRODUCT_BUNDLE_IDENTIFIER = "com.couchbase.edge-tester";
				PRODUCT_NAME = "$(TARGET_NAME)";
				SUPPORTS_MACCATALYST = YES;
				SWIFT_OBJC_BRIDGING_HEADER = "Client/Client-Bridging-Header.h";
				SWIFT_VERSION = 5.0;
				TARGETED_DEVICE_FAMILY = "1,2";
			};
			name = Release;
		};
/* End XCBuildConfiguration section */

/* Begin XCConfigurationList section */
		A3F15FA025AE6090007770B1 /* Build configuration list for PBXProject "Client" */ = {
			isa = XCConfigurationList;
			buildConfigurations = (
				A3F15FB725AE6092007770B1 /* Debug */,
				A3F15FB825AE6092007770B1 /* Release */,
			);
			defaultConfigurationIsVisible = 0;
			defaultConfigurationName = Release;
		};
		A3F15FB925AE6092007770B1 /* Build configuration list for PBXNativeTarget "Client" */ = {
			isa = XCConfigurationList;
			buildConfigurations = (
				A3F15FBA25AE6092007770B1 /* Debug */,
				A3F15FBB25AE6092007770B1 /* Release */,
			);
			defaultConfigurationIsVisible = 0;
			defaultConfigurationName = Release;
		};
/* End XCConfigurationList section */
	};
	rootObject = A3F15F9D25AE6090007770B1 /* Project object */;
}
